
Microsoft Visual Studio Solution File, Format Version 12.00
# Visual Studio 2013
VisualStudioVersion = 12.0.31101.0
MinimumVisualStudioVersion = 10.0.40219.1
Project("{FAE04EC0-301F-11D3-BF4B-00C04F79EFBC}") = "Bar", "Bar\Bar.csproj", "{ADE9EFCF-0F66-4D91-823D-668EF3E1865E}"
EndProject
Project("{FAE04EC0-301F-11D3-BF4B-00C04F79EFBC}") = "Foo", "Foo\Foo.csproj", "{FE6DF30D-386C-47D7-8E73-5E306FA41661}"
EndProject
Global
	GlobalSection(SolutionConfigurationPlatforms) = preSolution
		Debug|Any CPU = Debug|Any CPU
		Release|Any CPU = Release|Any CPU
	EndGlobalSection
	GlobalSection(ProjectConfigurationPlatforms) = postSolution
		{ADE9EFCF-0F66-4D91-823D-668EF3E1865E}.Debug|Any CPU.ActiveCfg = Debug|Any CPU
		{ADE9EFCF-0F66-4D91-823D-668EF3E1865E}.Debug|Any CPU.Build.0 = Debug|Any CPU
		{ADE9EFCF-0F66-4D91-823D-668EF3E1865E}.Release|Any CPU.ActiveCfg = Release|Any CPU
		{ADE9EFCF-0F66-4D91-823D-668EF3E1865E}.Release|Any CPU.Build.0 = Release|Any CPU
		{FE6DF30D-386C-47D7-8E73-5E306FA41661}.Debug|Any CPU.ActiveCfg = Debug|Any CPU
		{FE6DF30D-386C-47D7-8E73-5E306FA41661}.Debug|Any CPU.Build.0 = Debug|Any CPU
		{FE6DF30D-386C-47D7-8E73-5E306FA41661}.Release|Any CPU.ActiveCfg = Release|Any CPU
		{FE6DF30D-386C-47D7-8E73-5E306FA41661}.Release|Any CPU.Build.0 = Release|Any CPU
	EndGlobalSection
	GlobalSection(SolutionProperties) = preSolution
		HideSolutionNode = FALSE
	EndGlobalSection
EndGlobal
